
Microsoft Visual Studio Solution File, Format Version 12.00
# Visual Studio Version 18
VisualStudioVersion = 18.1.11312.151 d18.0
MinimumVisualStudioVersion = 10.0.40219.1
Project("{FAE04EC0-301F-11D3-BF4B-00C04F79EFBC}") = "UI", "UI\UI.csproj", "{64512E6C-F0AE-48D9-A6DD-840435C2E58A}"
EndProject
Project("{FAE04EC0-301F-11D3-BF4B-00C04F79EFBC}") = "Domain", "Domain\Domain.csproj", "{0CD6046D-6567-4F03-81CE-FBB872B2B90F}"
EndProject
Project("{FAE04EC0-301F-11D3-BF4B-00C04F79EFBC}") = "Data", "Data\Data.csproj", "{B9F73E37-1B9E-4C2D-9003-5562537FB8E4}"
EndProject
Project("{FAE04EC0-301F-11D3-BF4B-00C04F79EFBC}") = "Di", "Di\Di.csproj", "{443F5C6D-4B19-4DDC-A03D-01F706CA56F7}"
EndProject
Global
	GlobalSection(SolutionConfigurationPlatforms) = preSolution
		Debug|Any CPU = Debug|Any CPU
		Release|Any CPU = Release|Any CPU
	EndGlobalSection
	GlobalSection(ProjectConfigurationPlatforms) = postSolution
		{64512E6C-F0AE-48D9-A6DD-840435C2E58A}.Debug|Any CPU.ActiveCfg = Debug|Any CPU
		{64512E6C-F0AE-48D9-A6DD-840435C2E58A}.Debug|Any CPU.Build.0 = Debug|Any CPU
		{64512E6C-F0AE-48D9-A6DD-840435C2E58A}.Release|Any CPU.ActiveCfg = Release|Any CPU
		{64512E6C-F0AE-48D9-A6DD-840435C2E58A}.Release|Any CPU.Build.0 = Release|Any CPU
		{0CD6046D-6567-4F03-81CE-FBB872B2B90F}.Debug|Any CPU.ActiveCfg = Debug|Any CPU
		{0CD6046D-6567-4F03-81CE-FBB872B2B90F}.Debug|Any CPU.Build.0 = Debug|Any CPU
		{0CD6046D-6567-4F03-81CE-FBB872B2B90F}.Release|Any CPU.ActiveCfg = Release|Any CPU
		{0CD6046D-6567-4F03-81CE-FBB872B2B90F}.Release|Any CPU.Build.0 = Release|Any CPU
		{B9F73E37-1B9E-4C2D-9003-5562537FB8E4}.Debug|Any CPU.ActiveCfg = Debug|Any CPU
		{B9F73E37-1B9E-4C2D-9003-5562537FB8E4}.Debug|Any CPU.Build.0 = Debug|Any CPU
		{B9F73E37-1B9E-4C2D-9003-5562537FB8E4}.Release|Any CPU.ActiveCfg = Release|Any CPU
		{B9F73E37-1B9E-4C2D-9003-5562537FB8E4}.Release|Any CPU.Build.0 = Release|Any CPU
		{443F5C6D-4B19-4DDC-A03D-01F706CA56F7}.Debug|Any CPU.ActiveCfg = Debug|Any CPU
		{443F5C6D-4B19-4DDC-A03D-01F706CA56F7}.Debug|Any CPU.Build.0 = Debug|Any CPU
		{443F5C6D-4B19-4DDC-A03D-01F706CA56F7}.Release|Any CPU.ActiveCfg = Release|Any CPU
		{443F5C6D-4B19-4DDC-A03D-01F706CA56F7}.Release|Any CPU.Build.0 = Release|Any CPU
	EndGlobalSection
	GlobalSection(SolutionProperties) = preSolution
		HideSolutionNode = FALSE
	EndGlobalSection
	GlobalSection(ExtensibilityGlobals) = postSolution
		SolutionGuid = {08451983-AAF2-431C-88DA-C3399F669505}
	EndGlobalSection
EndGlobal
